<?xml version="1.0" encoding="utf-8"?>
<Project ToolsVersion="4.0" xmlns="http://schemas.microsoft.com/developer/msbuild/2003">
  <ItemGroup>
    <Filter Include="Source Files">
      <UniqueIdentifier>{4FC737F1-C7A5-4376-A066-2A32D752A2FF}</UniqueIdentifier>
      <Extensions>cpp;c;cc;cxx;c++;def;odl;idl;hpj;bat;asm;asmx</Extensions>
    </Filter>
    <Filter Include="Header Files">
      <UniqueIdentifier>{93995380-89BD-4b04-88EB-625FBE52EBFB}</UniqueIdentifier>
      <Extensions>h;hh;hpp;hxx;h++;hm;inl;inc;ipp;xsd</Extensions>
    </Filter>
    <Filter Include="Resource Files">
      <UniqueIdentifier>{67DA6AB6-F800-4c08-8B7A-83BB121AAD01}</UniqueIdentifier>
      <Extensions>rc;ico;cur;bmp;dlg;rc2;rct;bin;rgs;gif;jpg;jpeg;jpe;resx;tiff;tif;png;wav;mfcribbon-ms</Extensions>
    </Filter>
  </ItemGroup>
  <ItemGroup>
    <ClCompile Include="main.cpp">
      <Filter>Source Files</Filter>
    </ClCompile>
    <ClCompile Include="accelerators\bvh.cpp">
      <Filter>Source Files</Filter>
    </ClCompile>
    <ClCompile Include="cameras\perspective.cpp">
      <Filter>Source Files</Filter>
    </ClCompile>
    <ClCompile Include="core\integrator.cpp">
      <Filter>Source Files</Filter>
    </ClCompile>
    <ClCompile Include="ext\log.cpp">
      <Filter>Source Files</Filter>
    </ClCompile>
    <ClCompile Include="filters\sinc.cpp">
      <Filter>Source Files</Filter>
    </ClCompile>
    <ClCompile Include="integrators\path.cpp">
      <Filter>Source Files</Filter>
    </ClCompile>
    <ClCompile Include="lights\point.cpp">
      <Filter>Source Files</Filter>
    </ClCompile>
    <ClCompile Include="materials\matte.cpp">
      <Filter>Source Files</Filter>
    </ClCompile>
    <ClCompile Include="samplers\random.cpp">
      <Filter>Source Files</Filter>
    </ClCompile>
    <ClCompile Include="shapes\triangle.cpp">
      <Filter>Source Files</Filter>
    </ClCompile>
    <ClCompile Include="textures\constant.cpp">
      <Filter>Source Files</Filter>
    </ClCompile>
  </ItemGroup>
  <ItemGroup>
    <ClInclude Include="accelerators\bvh.hpp">
      <Filter>Header Files</Filter>
    </ClInclude>
    <ClInclude Include="cameras\perspective.hpp">
      <Filter>Header Files</Filter>
    </ClInclude>
    <ClInclude Include="core\integrator.hpp">
      <Filter>Header Files</Filter>
    </ClInclude>
    <ClInclude Include="ext\log.hpp">
      <Filter>Header Files</Filter>
    </ClInclude>
    <ClInclude Include="filters\sinc.hpp">
      <Filter>Header Files</Filter>
    </ClInclude>
    <ClInclude Include="integrators\path.hpp">
      <Filter>Header Files</Filter>
    </ClInclude>
    <ClInclude Include="lights\point.hpp">
      <Filter>Header Files</Filter>
    </ClInclude>
    <ClInclude Include="materials\matte.hpp">
      <Filter>Header Files</Filter>
    </ClInclude>
    <ClInclude Include="samplers\random.hpp">
      <Filter>Header Files</Filter>
    </ClInclude>
    <ClInclude Include="shapes\triangle.hpp">
      <Filter>Header Files</Filter>
    </ClInclude>
    <ClInclude Include="textures\constant.hpp">
      <Filter>Header Files</Filter>
    </ClInclude>
  </ItemGroup>
</Project>