<?xml version="1.0" encoding="utf-8"?>
<Project ToolsVersion="4.0" xmlns="http://schemas.microsoft.com/developer/msbuild/2003">
  <ItemGroup>
    <Filter Include="Source Files">
      <UniqueIdentifier>{4FC737F1-C7A5-4376-A066-2A32D752A2FF}</UniqueIdentifier>
      <Extensions>cpp;c;cc;cxx;c++;cppm;ixx;def;odl;idl;hpj;bat;asm;asmx</Extensions>
    </Filter>
    <Filter Include="Header Files">
      <UniqueIdentifier>{93995380-89BD-4b04-88EB-625FBE52EBFB}</UniqueIdentifier>
      <Extensions>h;hh;hpp;hxx;h++;hm;inl;inc;ipp;xsd</Extensions>
    </Filter>
    <Filter Include="Resource Files">
      <UniqueIdentifier>{67DA6AB6-F800-4c08-8B7A-83BB121AAD01}</UniqueIdentifier>
      <Extensions>rc;ico;cur;bmp;dlg;rc2;rct;bin;rgs;gif;jpg;jpeg;jpe;resx;tiff;tif;png;wav;mfcribbon-ms</Extensions>
    </Filter>
  </ItemGroup>
  <ItemGroup>
    <ClCompile Include="main.cpp">
      <Filter>Source Files</Filter>
    </ClCompile>
    <ClCompile Include="math\quaternion.cpp">
      <Filter>Source Files</Filter>
    </ClCompile>
    <ClCompile Include="math\transform.cpp">
      <Filter>Source Files</Filter>
    </ClCompile>
    <ClCompile Include="math\animatedtransform.cpp">
      <Filter>Source Files</Filter>
    </ClCompile>
    <ClCompile Include="tools\memory.cpp">
      <Filter>Source Files</Filter>
    </ClCompile>
    <ClCompile Include="tools\classFactory.cpp">
      <Filter>Source Files</Filter>
    </ClCompile>
    <ClCompile Include="core\Interaction.cpp">
      <Filter>Source Files</Filter>
    </ClCompile>
    <ClCompile Include="core\spectrum.cpp">
      <Filter>Source Files</Filter>
    </ClCompile>
    <ClCompile Include="core\Medium.cpp">
      <Filter>Source Files</Filter>
    </ClCompile>
    <ClCompile Include="core\Material.cpp">
      <Filter>Source Files</Filter>
    </ClCompile>
    <ClCompile Include="core\Shape.cpp">
      <Filter>Source Files</Filter>
    </ClCompile>
    <ClCompile Include="math\lowdiscrepancy.cpp">
      <Filter>Source Files</Filter>
    </ClCompile>
    <ClCompile Include="shapes\cone.cpp">
      <Filter>Source Files</Filter>
    </ClCompile>
    <ClCompile Include="shapes\cube.cpp">
      <Filter>Source Files</Filter>
    </ClCompile>
    <ClCompile Include="shapes\curve.cpp">
      <Filter>Source Files</Filter>
    </ClCompile>
    <ClCompile Include="shapes\cylinder.cpp">
      <Filter>Source Files</Filter>
    </ClCompile>
    <ClCompile Include="shapes\disk.cpp">
      <Filter>Source Files</Filter>
    </ClCompile>
    <ClCompile Include="shapes\sphere.cpp">
      <Filter>Source Files</Filter>
    </ClCompile>
    <ClCompile Include="core\primitive.cpp">
      <Filter>Source Files</Filter>
    </ClCompile>
    <ClCompile Include="accelerators\bvh.cpp">
      <Filter>Source Files</Filter>
    </ClCompile>
    <ClCompile Include="core\filter.cpp">
      <Filter>Source Files</Filter>
    </ClCompile>
    <ClCompile Include="core\sampler.cpp">
      <Filter>Source Files</Filter>
    </ClCompile>
    <ClCompile Include="core\film.cpp">
      <Filter>Source Files</Filter>
    </ClCompile>
    <ClCompile Include="core\camera.cpp">
      <Filter>Source Files</Filter>
    </ClCompile>
    <ClCompile Include="samplers\randomSampler.cpp">
      <Filter>Source Files</Filter>
    </ClCompile>
    <ClCompile Include="filters\gaussian.cpp">
      <Filter>Source Files</Filter>
    </ClCompile>
    <ClCompile Include="filters\mitchell.cpp">
      <Filter>Source Files</Filter>
    </ClCompile>
    <ClCompile Include="ext\stb_image.cpp">
      <Filter>Source Files</Filter>
    </ClCompile>
    <ClCompile Include="tools\fileutil.cpp">
      <Filter>Source Files</Filter>
    </ClCompile>
    <ClCompile Include="tools\fileio.cpp">
      <Filter>Source Files</Filter>
    </ClCompile>
    <ClCompile Include="tools\Logging.cpp">
      <Filter>Source Files</Filter>
    </ClCompile>
    <ClCompile Include="cameras\perspective.cpp">
      <Filter>Source Files</Filter>
    </ClCompile>
    <ClCompile Include="core\BXDF\BxDF.cpp">
      <Filter>Source Files</Filter>
    </ClCompile>
    <ClCompile Include="core\BXDF\Specular.cpp">
      <Filter>Source Files</Filter>
    </ClCompile>
    <ClCompile Include="core\BXDF\Lambertian.cpp">
      <Filter>Source Files</Filter>
    </ClCompile>
    <ClCompile Include="core\BXDF\microfacete\MicrofacetDistribution.cpp">
      <Filter>Source Files</Filter>
    </ClCompile>
  </ItemGroup>
  <ItemGroup>
    <ClInclude Include="ext\tinyobj\tiny_obj_loader.h">
      <Filter>Header Files</Filter>
    </ClInclude>
    <ClInclude Include="parallel\Parallel.h">
      <Filter>Header Files</Filter>
    </ClInclude>
    <ClInclude Include="math\bounds.h">
      <Filter>Header Files</Filter>
    </ClInclude>
    <ClInclude Include="math\mathutil.h">
      <Filter>Header Files</Filter>
    </ClInclude>
    <ClInclude Include="math\matrix.h">
      <Filter>Header Files</Filter>
    </ClInclude>
    <ClInclude Include="math\point.h">
      <Filter>Header Files</Filter>
    </ClInclude>
    <ClInclude Include="math\quaternion.h">
      <Filter>Header Files</Filter>
    </ClInclude>
    <ClInclude Include="math\ray.h">
      <Filter>Header Files</Filter>
    </ClInclude>
    <ClInclude Include="math\rng.h">
      <Filter>Header Files</Filter>
    </ClInclude>
    <ClInclude Include="math\vector.h">
      <Filter>Header Files</Filter>
    </ClInclude>
    <ClInclude Include="math\transform.h">
      <Filter>Header Files</Filter>
    </ClInclude>
    <ClInclude Include="math\animatedtransform.h">
      <Filter>Header Files</Filter>
    </ClInclude>
    <ClInclude Include="core\Header.h">
      <Filter>Header Files</Filter>
    </ClInclude>
    <ClInclude Include="tools\macro.h">
      <Filter>Header Files</Filter>
    </ClInclude>
    <ClInclude Include="tools\memory.h">
      <Filter>Header Files</Filter>
    </ClInclude>
    <ClInclude Include="core\spectrum.h">
      <Filter>Header Files</Filter>
    </ClInclude>
    <ClInclude Include="tools\errfloat.h">
      <Filter>Header Files</Filter>
    </ClInclude>
    <ClInclude Include="tools\stringprint.h">
      <Filter>Header Files</Filter>
    </ClInclude>
    <ClInclude Include="ext\json.hpp">
      <Filter>Header Files</Filter>
    </ClInclude>
    <ClInclude Include="core\cobject.h">
      <Filter>Header Files</Filter>
    </ClInclude>
    <ClInclude Include="tools\classFactory.h">
      <Filter>Header Files</Filter>
    </ClInclude>
    <ClInclude Include="core\Interaction.h">
      <Filter>Header Files</Filter>
    </ClInclude>
    <ClInclude Include="tools\errofloat.h">
      <Filter>Header Files</Filter>
    </ClInclude>
    <ClInclude Include="core\Medium.h">
      <Filter>Header Files</Filter>
    </ClInclude>
    <ClInclude Include="core\Material.h">
      <Filter>Header Files</Filter>
    </ClInclude>
    <ClInclude Include="core\Shape.h">
      <Filter>Header Files</Filter>
    </ClInclude>
    <ClInclude Include="math\lowdiscrepancy.h">
      <Filter>Header Files</Filter>
    </ClInclude>
    <ClInclude Include="core\Sampling.h">
      <Filter>Header Files</Filter>
    </ClInclude>
    <ClInclude Include="shapes\cone.h">
      <Filter>Header Files</Filter>
    </ClInclude>
    <ClInclude Include="shapes\cube.h">
      <Filter>Header Files</Filter>
    </ClInclude>
    <ClInclude Include="shapes\curve.h">
      <Filter>Header Files</Filter>
    </ClInclude>
    <ClInclude Include="shapes\cylinder.h">
      <Filter>Header Files</Filter>
    </ClInclude>
    <ClInclude Include="shapes\disk.h">
      <Filter>Header Files</Filter>
    </ClInclude>
    <ClInclude Include="shapes\sphere.h">
      <Filter>Header Files</Filter>
    </ClInclude>
    <ClInclude Include="core\primitive.h">
      <Filter>Header Files</Filter>
    </ClInclude>
    <ClInclude Include="accelerators\bvh.h">
      <Filter>Header Files</Filter>
    </ClInclude>
    <ClInclude Include="core\filter.h">
      <Filter>Header Files</Filter>
    </ClInclude>
    <ClInclude Include="core\sampler.h">
      <Filter>Header Files</Filter>
    </ClInclude>
    <ClInclude Include="core\film.h">
      <Filter>Header Files</Filter>
    </ClInclude>
    <ClInclude Include="core\camera.h">
      <Filter>Header Files</Filter>
    </ClInclude>
    <ClInclude Include="samplers\randomSampler.h">
      <Filter>Header Files</Filter>
    </ClInclude>
    <ClInclude Include="filters\gaussian.h">
      <Filter>Header Files</Filter>
    </ClInclude>
    <ClInclude Include="filters\mitchell.h">
      <Filter>Header Files</Filter>
    </ClInclude>
    <ClInclude Include="ext\stb_image_write.h">
      <Filter>Header Files</Filter>
    </ClInclude>
    <ClInclude Include="ext\stb_image.h">
      <Filter>Header Files</Filter>
    </ClInclude>
    <ClInclude Include="tools\fileutil.h">
      <Filter>Header Files</Filter>
    </ClInclude>
    <ClInclude Include="tools\fileio.h">
      <Filter>Header Files</Filter>
    </ClInclude>
    <ClInclude Include="tools\Logging.h">
      <Filter>Header Files</Filter>
    </ClInclude>
    <ClInclude Include="cameras\perspective.h">
      <Filter>Header Files</Filter>
    </ClInclude>
    <ClInclude Include="core\BXDF\BxDF.h">
      <Filter>Header Files</Filter>
    </ClInclude>
    <ClInclude Include="core\BXDF\Specular.h">
      <Filter>Header Files</Filter>
    </ClInclude>
    <ClInclude Include="core\BXDF\Lambertian.h">
      <Filter>Header Files</Filter>
    </ClInclude>
    <ClInclude Include="core\BXDF\microfacete\MicrofacetDistribution.h">
      <Filter>Header Files</Filter>
    </ClInclude>
  </ItemGroup>
</Project>