<?xml version="1.0" encoding="utf-8"?>
<Project ToolsVersion="4.0" xmlns="http://schemas.microsoft.com/developer/msbuild/2003">
  <ItemGroup>
    <Filter Include="Source Files">
      <UniqueIdentifier>{4FC737F1-C7A5-4376-A066-2A32D752A2FF}</UniqueIdentifier>
      <Extensions>cpp;c;cc;cxx;c++;def;odl;idl;hpj;bat;asm;asmx</Extensions>
    </Filter>
    <Filter Include="Header Files">
      <UniqueIdentifier>{93995380-89BD-4b04-88EB-625FBE52EBFB}</UniqueIdentifier>
      <Extensions>h;hh;hpp;hxx;h++;hm;inl;inc;ipp;xsd</Extensions>
    </Filter>
    <Filter Include="Resource Files">
      <UniqueIdentifier>{67DA6AB6-F800-4c08-8B7A-83BB121AAD01}</UniqueIdentifier>
      <Extensions>rc;ico;cur;bmp;dlg;rc2;rct;bin;rgs;gif;jpg;jpeg;jpe;resx;tiff;tif;png;wav;mfcribbon-ms</Extensions>
    </Filter>
  </ItemGroup>
  <ItemGroup>
    <ClCompile Include="accelerators\bvh.cpp">
      <Filter>Source Files</Filter>
    </ClCompile>
    <ClCompile Include="accelerators\kdtree.cpp">
      <Filter>Source Files</Filter>
    </ClCompile>
    <ClCompile Include="cameras\perspective.cpp">
      <Filter>Source Files</Filter>
    </ClCompile>
    <ClCompile Include="core\bxdf.cpp">
      <Filter>Source Files</Filter>
    </ClCompile>
    <ClCompile Include="core\camera.cpp">
      <Filter>Source Files</Filter>
    </ClCompile>
    <ClCompile Include="core\integrator.cpp">
      <Filter>Source Files</Filter>
    </ClCompile>
    <ClCompile Include="core\interaction.cpp">
      <Filter>Source Files</Filter>
    </ClCompile>
    <ClCompile Include="core\light.cpp">
      <Filter>Source Files</Filter>
    </ClCompile>
    <ClCompile Include="core\material.cpp">
      <Filter>Source Files</Filter>
    </ClCompile>
    <ClCompile Include="core\medium.cpp">
      <Filter>Source Files</Filter>
    </ClCompile>
    <ClCompile Include="core\paladin.cpp">
      <Filter>Source Files</Filter>
    </ClCompile>
    <ClCompile Include="core\sampler.cpp">
      <Filter>Source Files</Filter>
    </ClCompile>
    <ClCompile Include="core\sampling.cpp">
      <Filter>Source Files</Filter>
    </ClCompile>
    <ClCompile Include="core\scene.cpp">
      <Filter>Source Files</Filter>
    </ClCompile>
    <ClCompile Include="core\shape.cpp">
      <Filter>Source Files</Filter>
    </ClCompile>
    <ClCompile Include="core\spectrum.cpp">
      <Filter>Source Files</Filter>
    </ClCompile>
    <ClCompile Include="core\texture.cpp">
      <Filter>Source Files</Filter>
    </ClCompile>
    <ClCompile Include="integrators\path.cpp">
      <Filter>Source Files</Filter>
    </ClCompile>
    <ClCompile Include="lights\pointlight.cpp">
      <Filter>Source Files</Filter>
    </ClCompile>
    <ClCompile Include="materials\matte.cpp">
      <Filter>Source Files</Filter>
    </ClCompile>
    <ClCompile Include="math\animatedtransform.cpp">
      <Filter>Source Files</Filter>
    </ClCompile>
    <ClCompile Include="math\lowdiscrepancy.cpp">
      <Filter>Source Files</Filter>
    </ClCompile>
    <ClCompile Include="math\quaternion.cpp">
      <Filter>Source Files</Filter>
    </ClCompile>
    <ClCompile Include="math\transform.cpp">
      <Filter>Source Files</Filter>
    </ClCompile>
    <ClCompile Include="shapes\cone.cpp">
      <Filter>Source Files</Filter>
    </ClCompile>
    <ClCompile Include="shapes\cylinder.cpp">
      <Filter>Source Files</Filter>
    </ClCompile>
    <ClCompile Include="shapes\disk.cpp">
      <Filter>Source Files</Filter>
    </ClCompile>
    <ClCompile Include="shapes\sphere.cpp">
      <Filter>Source Files</Filter>
    </ClCompile>
    <ClCompile Include="shapes\triangle.cpp">
      <Filter>Source Files</Filter>
    </ClCompile>
    <ClCompile Include="textures\constant.cpp">
      <Filter>Source Files</Filter>
    </ClCompile>
    <ClCompile Include="tools\fileio.cpp">
      <Filter>Source Files</Filter>
    </ClCompile>
    <ClCompile Include="tools\memory.cpp">
      <Filter>Source Files</Filter>
    </ClCompile>
    <ClCompile Include="main.cpp">
      <Filter>Source Files</Filter>
    </ClCompile>
    <ClCompile Include="shapes\cube.cpp">
      <Filter>Source Files</Filter>
    </ClCompile>
    <ClCompile Include="shapes\curve.cpp">
      <Filter>Source Files</Filter>
    </ClCompile>
    <ClCompile Include="core\primitive.cpp">
      <Filter>Source Files</Filter>
    </ClCompile>
    <ClCompile Include="core\film.cpp">
      <Filter>Source Files</Filter>
    </ClCompile>
    <ClCompile Include="parallel\parallel.cpp">
      <Filter>Source Files</Filter>
    </ClCompile>
    <ClCompile Include="samplers\halton.cpp">
      <Filter>Source Files</Filter>
    </ClCompile>
    <ClCompile Include="samplers\stratified.cpp">
      <Filter>Source Files</Filter>
    </ClCompile>
    <ClCompile Include="samplers\random.cpp">
      <Filter>Source Files</Filter>
    </ClCompile>
    <ClCompile Include="core\microfacet.cpp">
      <Filter>Source Files</Filter>
    </ClCompile>
  </ItemGroup>
  <ItemGroup>
    <ClInclude Include="accelerators\bvh.hpp">
      <Filter>Header Files</Filter>
    </ClInclude>
    <ClInclude Include="accelerators\kdtree.hpp">
      <Filter>Header Files</Filter>
    </ClInclude>
    <ClInclude Include="cameras\perspective.hpp">
      <Filter>Header Files</Filter>
    </ClInclude>
    <ClInclude Include="core\bxdf.hpp">
      <Filter>Header Files</Filter>
    </ClInclude>
    <ClInclude Include="core\camera.hpp">
      <Filter>Header Files</Filter>
    </ClInclude>
    <ClInclude Include="core\header.h">
      <Filter>Header Files</Filter>
    </ClInclude>
    <ClInclude Include="core\integrator.hpp">
      <Filter>Header Files</Filter>
    </ClInclude>
    <ClInclude Include="core\interaction.hpp">
      <Filter>Header Files</Filter>
    </ClInclude>
    <ClInclude Include="core\light.hpp">
      <Filter>Header Files</Filter>
    </ClInclude>
    <ClInclude Include="core\material.hpp">
      <Filter>Header Files</Filter>
    </ClInclude>
    <ClInclude Include="core\medium.hpp">
      <Filter>Header Files</Filter>
    </ClInclude>
    <ClInclude Include="core\paladin.hpp">
      <Filter>Header Files</Filter>
    </ClInclude>
    <ClInclude Include="core\sampler.hpp">
      <Filter>Header Files</Filter>
    </ClInclude>
    <ClInclude Include="core\sampling.hpp">
      <Filter>Header Files</Filter>
    </ClInclude>
    <ClInclude Include="core\scene.hpp">
      <Filter>Header Files</Filter>
    </ClInclude>
    <ClInclude Include="core\shape.hpp">
      <Filter>Header Files</Filter>
    </ClInclude>
    <ClInclude Include="core\spectrum.hpp">
      <Filter>Header Files</Filter>
    </ClInclude>
    <ClInclude Include="core\texture.hpp">
      <Filter>Header Files</Filter>
    </ClInclude>
    <ClInclude Include="integrators\path.hpp">
      <Filter>Header Files</Filter>
    </ClInclude>
    <ClInclude Include="lights\pointlight.hpp">
      <Filter>Header Files</Filter>
    </ClInclude>
    <ClInclude Include="materials\matte.hpp">
      <Filter>Header Files</Filter>
    </ClInclude>
    <ClInclude Include="math\animatedtransform.hpp">
      <Filter>Header Files</Filter>
    </ClInclude>
    <ClInclude Include="math\bounds.h">
      <Filter>Header Files</Filter>
    </ClInclude>
    <ClInclude Include="math\lowdiscrepancy.hpp">
      <Filter>Header Files</Filter>
    </ClInclude>
    <ClInclude Include="math\mathutil.h">
      <Filter>Header Files</Filter>
    </ClInclude>
    <ClInclude Include="math\point.h">
      <Filter>Header Files</Filter>
    </ClInclude>
    <ClInclude Include="math\quaternion.hpp">
      <Filter>Header Files</Filter>
    </ClInclude>
    <ClInclude Include="math\ray.h">
      <Filter>Header Files</Filter>
    </ClInclude>
    <ClInclude Include="math\rng.h">
      <Filter>Header Files</Filter>
    </ClInclude>
    <ClInclude Include="math\transform.hpp">
      <Filter>Header Files</Filter>
    </ClInclude>
    <ClInclude Include="math\vector.h">
      <Filter>Header Files</Filter>
    </ClInclude>
    <ClInclude Include="shapes\cone.hpp">
      <Filter>Header Files</Filter>
    </ClInclude>
    <ClInclude Include="shapes\cylinder.hpp">
      <Filter>Header Files</Filter>
    </ClInclude>
    <ClInclude Include="shapes\disk.hpp">
      <Filter>Header Files</Filter>
    </ClInclude>
    <ClInclude Include="shapes\sphere.hpp">
      <Filter>Header Files</Filter>
    </ClInclude>
    <ClInclude Include="shapes\triangle.hpp">
      <Filter>Header Files</Filter>
    </ClInclude>
    <ClInclude Include="textures\constant.hpp">
      <Filter>Header Files</Filter>
    </ClInclude>
    <ClInclude Include="tools\errfloat.h">
      <Filter>Header Files</Filter>
    </ClInclude>
    <ClInclude Include="tools\fileio.hpp">
      <Filter>Header Files</Filter>
    </ClInclude>
    <ClInclude Include="tools\macro.h">
      <Filter>Header Files</Filter>
    </ClInclude>
    <ClInclude Include="tools\macro_config.h">
      <Filter>Header Files</Filter>
    </ClInclude>
    <ClInclude Include="tools\memory.hpp">
      <Filter>Header Files</Filter>
    </ClInclude>
    <ClInclude Include="tools\stringprint.hpp">
      <Filter>Header Files</Filter>
    </ClInclude>
    <ClInclude Include="shapes\cube.hpp">
      <Filter>Header Files</Filter>
    </ClInclude>
    <ClInclude Include="shapes\curve.hpp">
      <Filter>Header Files</Filter>
    </ClInclude>
    <ClInclude Include="ext\tinyobj\tiny_obj_loader.h">
      <Filter>Header Files</Filter>
    </ClInclude>
    <ClInclude Include="tools\model.h">
      <Filter>Header Files</Filter>
    </ClInclude>
    <ClInclude Include="core\primitive.hpp">
      <Filter>Header Files</Filter>
    </ClInclude>
    <ClInclude Include="core\film.hpp">
      <Filter>Header Files</Filter>
    </ClInclude>
    <ClInclude Include="core\filter.h">
      <Filter>Header Files</Filter>
    </ClInclude>
    <ClInclude Include="parallel\parallel.hpp">
      <Filter>Header Files</Filter>
    </ClInclude>
    <ClInclude Include="samplers\halton.hpp">
      <Filter>Header Files</Filter>
    </ClInclude>
    <ClInclude Include="samplers\stratified.hpp">
      <Filter>Header Files</Filter>
    </ClInclude>
    <ClInclude Include="samplers\random.hpp">
      <Filter>Header Files</Filter>
    </ClInclude>
    <ClInclude Include="filters\gaussion.h">
      <Filter>Header Files</Filter>
    </ClInclude>
    <ClInclude Include="filters\triangle.h">
      <Filter>Header Files</Filter>
    </ClInclude>
    <ClInclude Include="filters\box.h">
      <Filter>Header Files</Filter>
    </ClInclude>
    <ClInclude Include="filters\sinc.h">
      <Filter>Header Files</Filter>
    </ClInclude>
    <ClInclude Include="filters\mitchell.h">
      <Filter>Header Files</Filter>
    </ClInclude>
    <ClInclude Include="core\microfacet.hpp">
      <Filter>Header Files</Filter>
    </ClInclude>
  </ItemGroup>
</Project>